
Microsoft Visual Studio Solution File, Format Version 12.00
# Visual Studio Version 17
VisualStudioVersion = 17.5.33502.453
MinimumVisualStudioVersion = 10.0.40219.1
Project("{FAE04EC0-301F-11D3-BF4B-00C04F79EFBC}") = "ClassDAL", "ClassDAL\ClassDAL.csproj", "{6B2BB191-5A45-41B5-9240-9584D203100E}"
EndProject
Project("{FAE04EC0-301F-11D3-BF4B-00C04F79EFBC}") = "ClassBLL", "ClassBLL\ClassBLL.csproj", "{6A810604-7766-4124-BD77-D3CAFE6FFA99}"
EndProject
Project("{FAE04EC0-301F-11D3-BF4B-00C04F79EFBC}") = "ClassEntidades", "ClassEntidades\ClassEntidades.csproj", "{FBFD05BD-CD54-4ACB-8C56-3C3160AB9A82}"
EndProject
Project("{FAE04EC0-301F-11D3-BF4B-00C04F79EFBC}") = "WebGrafo", "WebGrafo\WebGrafo.csproj", "{4EE9BE13-8D50-4163-A373-A2E10BCCEA01}"
EndProject
Global
	GlobalSection(SolutionConfigurationPlatforms) = preSolution
		Debug|Any CPU = Debug|Any CPU
		Release|Any CPU = Release|Any CPU
	EndGlobalSection
	GlobalSection(ProjectConfigurationPlatforms) = postSolution
		{6B2BB191-5A45-41B5-9240-9584D203100E}.Debug|Any CPU.ActiveCfg = Debug|Any CPU
		{6B2BB191-5A45-41B5-9240-9584D203100E}.Debug|Any CPU.Build.0 = Debug|Any CPU
		{6B2BB191-5A45-41B5-9240-9584D203100E}.Release|Any CPU.ActiveCfg = Release|Any CPU
		{6B2BB191-5A45-41B5-9240-9584D203100E}.Release|Any CPU.Build.0 = Release|Any CPU
		{6A810604-7766-4124-BD77-D3CAFE6FFA99}.Debug|Any CPU.ActiveCfg = Debug|Any CPU
		{6A810604-7766-4124-BD77-D3CAFE6FFA99}.Debug|Any CPU.Build.0 = Debug|Any CPU
		{6A810604-7766-4124-BD77-D3CAFE6FFA99}.Release|Any CPU.ActiveCfg = Release|Any CPU
		{6A810604-7766-4124-BD77-D3CAFE6FFA99}.Release|Any CPU.Build.0 = Release|Any CPU
		{FBFD05BD-CD54-4ACB-8C56-3C3160AB9A82}.Debug|Any CPU.ActiveCfg = Debug|Any CPU
		{FBFD05BD-CD54-4ACB-8C56-3C3160AB9A82}.Debug|Any CPU.Build.0 = Debug|Any CPU
		{FBFD05BD-CD54-4ACB-8C56-3C3160AB9A82}.Release|Any CPU.ActiveCfg = Release|Any CPU
		{FBFD05BD-CD54-4ACB-8C56-3C3160AB9A82}.Release|Any CPU.Build.0 = Release|Any CPU
		{4EE9BE13-8D50-4163-A373-A2E10BCCEA01}.Debug|Any CPU.ActiveCfg = Debug|Any CPU
		{4EE9BE13-8D50-4163-A373-A2E10BCCEA01}.Debug|Any CPU.Build.0 = Debug|Any CPU
		{4EE9BE13-8D50-4163-A373-A2E10BCCEA01}.Release|Any CPU.ActiveCfg = Release|Any CPU
		{4EE9BE13-8D50-4163-A373-A2E10BCCEA01}.Release|Any CPU.Build.0 = Release|Any CPU
	EndGlobalSection
	GlobalSection(SolutionProperties) = preSolution
		HideSolutionNode = FALSE
	EndGlobalSection
	GlobalSection(ExtensibilityGlobals) = postSolution
		SolutionGuid = {F37732B3-B0B6-4A47-A45D-E6896DFB4FE1}
	EndGlobalSection
EndGlobal
